// !$*UTF8*$!
{
	archiveVersion = 1;
	classes = {
	};
	objectVersion = 77;
	objects = {

/* Begin PBXBuildFile section */
		3A1B3B8A2CBBF9D0003006A9 /* Client.swift in Sources */ = {isa = PBXBuildFile; fileRef = 3A1B3B892CBBF9D0003006A9 /* Client.swift */; };
		3A1B3B8C2CBBFC6E003006A9 /* Character.swift in Sources */ = {isa = PBXBuildFile; fileRef = 3A1B3B8B2CBBFC6E003006A9 /* Character.swift */; };
		3A1B3B8E2CBBFCA8003006A9 /* CharacterUseCase.swift in Sources */ = {isa = PBXBuildFile; fileRef = 3A1B3B8D2CBBFCA8003006A9 /* CharacterUseCase.swift */; };
		3A1B3B902CBBFD0D003006A9 /* SearchViewModel.swift in Sources */ = {isa = PBXBuildFile; fileRef = 3A1B3B8F2CBBFD0D003006A9 /* SearchViewModel.swift */; };
		3A1B3B932CBC0147003006A9 /* Then in Frameworks */ = {isa = PBXBuildFile; productRef = 3A1B3B922CBC0147003006A9 /* Then */; };
		3A1B3B952CBC0A1A003006A9 /* LoadingIndicator.swift in Sources */ = {isa = PBXBuildFile; fileRef = 3A1B3B942CBC0A1A003006A9 /* LoadingIndicator.swift */; };
		3A4019F22CB95E32003794E3 /* SceneDelegate.swift in Sources */ = {isa = PBXBuildFile; fileRef = 3A4019E32CB95E32003794E3 /* SceneDelegate.swift */; };
		3A4019F32CB95E32003794E3 /* SearchViewController.swift in Sources */ = {isa = PBXBuildFile; fileRef = 3A4019EF2CB95E32003794E3 /* SearchViewController.swift */; };
		3A4019F52CB95E32003794E3 /* Assets.xcassets in Resources */ = {isa = PBXBuildFile; fileRef = 3A4019E92CB95E32003794E3 /* Assets.xcassets */; };
		3A4019F62CB95E32003794E3 /* LaunchScreen.storyboard in Resources */ = {isa = PBXBuildFile; fileRef = 3A4019EB2CB95E32003794E3 /* LaunchScreen.storyboard */; };
		3A4019F92CB95E77003794E3 /* FavoriteViewController.swift in Sources */ = {isa = PBXBuildFile; fileRef = 3A4019F82CB95E77003794E3 /* FavoriteViewController.swift */; };
		3A401A2C2CB95F25003794E3 /* AppDelegate.swift in Sources */ = {isa = PBXBuildFile; fileRef = 3A401A2B2CB95F25003794E3 /* AppDelegate.swift */; };
		3A401A302CB95F53003794E3 /* MainTabBarController.swift in Sources */ = {isa = PBXBuildFile; fileRef = 3A401A2F2CB95F53003794E3 /* MainTabBarController.swift */; };
		3A401A332CB961C6003794E3 /* SnapKit in Frameworks */ = {isa = PBXBuildFile; productRef = 3A401A322CB961C6003794E3 /* SnapKit */; };
		3A401A362CB961F4003794E3 /* BaseView.swift in Sources */ = {isa = PBXBuildFile; fileRef = 3A401A352CB961F4003794E3 /* BaseView.swift */; };
		3A401A382CB9620B003794E3 /* BaseViewController.swift in Sources */ = {isa = PBXBuildFile; fileRef = 3A401A372CB9620B003794E3 /* BaseViewController.swift */; };
		3A401A3A2CB96381003794E3 /* SearchView.swift in Sources */ = {isa = PBXBuildFile; fileRef = 3A401A392CB96381003794E3 /* SearchView.swift */; };
		3A401A3E2CB963CD003794E3 /* FavoriteViews.swift in Sources */ = {isa = PBXBuildFile; fileRef = 3A401A3D2CB963CD003794E3 /* FavoriteViews.swift */; };
		3ADC91262CBC9A4F005174C8 /* CharacterGridView.swift in Sources */ = {isa = PBXBuildFile; fileRef = 3ADC91252CBC9A4F005174C8 /* CharacterGridView.swift */; };
		3ADC91282CBC9A82005174C8 /* CharacterCell.swift in Sources */ = {isa = PBXBuildFile; fileRef = 3ADC91272CBC9A82005174C8 /* CharacterCell.swift */; };
/* End PBXBuildFile section */

/* Begin PBXContainerItemProxy section */
		3A4019A82CB942F4003794E3 /* PBXContainerItemProxy */ = {
			isa = PBXContainerItemProxy;
			containerPortal = 3A4019892CB942F2003794E3 /* Project object */;
			proxyType = 1;
			remoteGlobalIDString = 3A4019902CB942F2003794E3;
			remoteInfo = ShopliveAssignment;
		};
		3A4019B22CB942F4003794E3 /* PBXContainerItemProxy */ = {
			isa = PBXContainerItemProxy;
			containerPortal = 3A4019892CB942F2003794E3 /* Project object */;
			proxyType = 1;
			remoteGlobalIDString = 3A4019902CB942F2003794E3;
			remoteInfo = ShopliveAssignment;
		};
/* End PBXContainerItemProxy section */

/* Begin PBXFileReference section */
		3A1B3B892CBBF9D0003006A9 /* Client.swift */ = {isa = PBXFileReference; lastKnownFileType = sourcecode.swift; path = Client.swift; sourceTree = "<group>"; };
		3A1B3B8B2CBBFC6E003006A9 /* Character.swift */ = {isa = PBXFileReference; lastKnownFileType = sourcecode.swift; path = Character.swift; sourceTree = "<group>"; };
		3A1B3B8D2CBBFCA8003006A9 /* CharacterUseCase.swift */ = {isa = PBXFileReference; lastKnownFileType = sourcecode.swift; path = CharacterUseCase.swift; sourceTree = "<group>"; };
		3A1B3B8F2CBBFD0D003006A9 /* SearchViewModel.swift */ = {isa = PBXFileReference; lastKnownFileType = sourcecode.swift; path = SearchViewModel.swift; sourceTree = "<group>"; };
		3A1B3B942CBC0A1A003006A9 /* LoadingIndicator.swift */ = {isa = PBXFileReference; lastKnownFileType = sourcecode.swift; path = LoadingIndicator.swift; sourceTree = "<group>"; };
		3A4019912CB942F2003794E3 /* ShopliveAssignment.app */ = {isa = PBXFileReference; explicitFileType = wrapper.application; includeInIndex = 0; path = ShopliveAssignment.app; sourceTree = BUILT_PRODUCTS_DIR; };
		3A4019A72CB942F4003794E3 /* ShopliveAssignmentTests.xctest */ = {isa = PBXFileReference; explicitFileType = wrapper.cfbundle; includeInIndex = 0; path = ShopliveAssignmentTests.xctest; sourceTree = BUILT_PRODUCTS_DIR; };
		3A4019B12CB942F4003794E3 /* ShopliveAssignmentUITests.xctest */ = {isa = PBXFileReference; explicitFileType = wrapper.cfbundle; includeInIndex = 0; path = ShopliveAssignmentUITests.xctest; sourceTree = BUILT_PRODUCTS_DIR; };
		3A4019E22CB95E32003794E3 /* Info.plist */ = {isa = PBXFileReference; lastKnownFileType = text.plist.xml; path = Info.plist; sourceTree = "<group>"; };
		3A4019E32CB95E32003794E3 /* SceneDelegate.swift */ = {isa = PBXFileReference; lastKnownFileType = sourcecode.swift; path = SceneDelegate.swift; sourceTree = "<group>"; };
		3A4019E92CB95E32003794E3 /* Assets.xcassets */ = {isa = PBXFileReference; lastKnownFileType = folder.assetcatalog; path = Assets.xcassets; sourceTree = "<group>"; };
		3A4019EA2CB95E32003794E3 /* Base */ = {isa = PBXFileReference; lastKnownFileType = file.storyboard; name = Base; path = Base.lproj/LaunchScreen.storyboard; sourceTree = "<group>"; };
		3A4019EF2CB95E32003794E3 /* SearchViewController.swift */ = {isa = PBXFileReference; lastKnownFileType = sourcecode.swift; path = SearchViewController.swift; sourceTree = "<group>"; };
		3A4019F82CB95E77003794E3 /* FavoriteViewController.swift */ = {isa = PBXFileReference; lastKnownFileType = sourcecode.swift; path = FavoriteViewController.swift; sourceTree = "<group>"; };
		3A401A2B2CB95F25003794E3 /* AppDelegate.swift */ = {isa = PBXFileReference; lastKnownFileType = sourcecode.swift; path = AppDelegate.swift; sourceTree = "<group>"; };
		3A401A2F2CB95F53003794E3 /* MainTabBarController.swift */ = {isa = PBXFileReference; lastKnownFileType = sourcecode.swift; path = MainTabBarController.swift; sourceTree = "<group>"; };
		3A401A352CB961F4003794E3 /* BaseView.swift */ = {isa = PBXFileReference; lastKnownFileType = sourcecode.swift; path = BaseView.swift; sourceTree = "<group>"; };
		3A401A372CB9620B003794E3 /* BaseViewController.swift */ = {isa = PBXFileReference; lastKnownFileType = sourcecode.swift; path = BaseViewController.swift; sourceTree = "<group>"; };
		3A401A392CB96381003794E3 /* SearchView.swift */ = {isa = PBXFileReference; lastKnownFileType = sourcecode.swift; path = SearchView.swift; sourceTree = "<group>"; };
		3A401A3D2CB963CD003794E3 /* FavoriteViews.swift */ = {isa = PBXFileReference; lastKnownFileType = sourcecode.swift; path = FavoriteViews.swift; sourceTree = "<group>"; };
		3ADC91252CBC9A4F005174C8 /* CharacterGridView.swift */ = {isa = PBXFileReference; lastKnownFileType = sourcecode.swift; path = CharacterGridView.swift; sourceTree = "<group>"; };
		3ADC91272CBC9A82005174C8 /* CharacterCell.swift */ = {isa = PBXFileReference; lastKnownFileType = sourcecode.swift; path = CharacterCell.swift; sourceTree = "<group>"; };
/* End PBXFileReference section */

/* Begin PBXFileSystemSynchronizedRootGroup section */
		3A4019AA2CB942F4003794E3 /* ShopliveAssignmentTests */ = {
			isa = PBXFileSystemSynchronizedRootGroup;
			path = ShopliveAssignmentTests;
			sourceTree = "<group>";
		};
		3A4019B42CB942F4003794E3 /* ShopliveAssignmentUITests */ = {
			isa = PBXFileSystemSynchronizedRootGroup;
			path = ShopliveAssignmentUITests;
			sourceTree = "<group>";
		};
/* End PBXFileSystemSynchronizedRootGroup section */

/* Begin PBXFrameworksBuildPhase section */
		3A40198E2CB942F2003794E3 /* Frameworks */ = {
			isa = PBXFrameworksBuildPhase;
			buildActionMask = 2147483647;
			files = (
				3A401A332CB961C6003794E3 /* SnapKit in Frameworks */,
				3A1B3B932CBC0147003006A9 /* Then in Frameworks */,
			);
			runOnlyForDeploymentPostprocessing = 0;
		};
		3A4019A42CB942F4003794E3 /* Frameworks */ = {
			isa = PBXFrameworksBuildPhase;
			buildActionMask = 2147483647;
			files = (
			);
			runOnlyForDeploymentPostprocessing = 0;
		};
		3A4019AE2CB942F4003794E3 /* Frameworks */ = {
			isa = PBXFrameworksBuildPhase;
			buildActionMask = 2147483647;
			files = (
			);
			runOnlyForDeploymentPostprocessing = 0;
		};
/* End PBXFrameworksBuildPhase section */

/* Begin PBXGroup section */
		3A1B3B862CBBF47C003006A9 /* Model */ = {
			isa = PBXGroup;
			children = (
				3A1B3B8B2CBBFC6E003006A9 /* Character.swift */,
			);
			path = Model;
			sourceTree = "<group>";
		};
		3A1B3B872CBBF48C003006A9 /* Network */ = {
			isa = PBXGroup;
			children = (
				3A1B3B892CBBF9D0003006A9 /* Client.swift */,
				3A1B3B8D2CBBFCA8003006A9 /* CharacterUseCase.swift */,
			);
			path = Network;
			sourceTree = "<group>";
		};
		3A4019882CB942F2003794E3 = {
			isa = PBXGroup;
			children = (
				3A4019F02CB95E32003794E3 /* ShopliveAssignment */,
				3A4019AA2CB942F4003794E3 /* ShopliveAssignmentTests */,
				3A4019B42CB942F4003794E3 /* ShopliveAssignmentUITests */,
				3A4019922CB942F2003794E3 /* Products */,
			);
			sourceTree = "<group>";
		};
		3A4019922CB942F2003794E3 /* Products */ = {
			isa = PBXGroup;
			children = (
				3A4019912CB942F2003794E3 /* ShopliveAssignment.app */,
				3A4019A72CB942F4003794E3 /* ShopliveAssignmentTests.xctest */,
				3A4019B12CB942F4003794E3 /* ShopliveAssignmentUITests.xctest */,
			);
			name = Products;
			sourceTree = "<group>";
		};
		3A4019E42CB95E32003794E3 /* App */ = {
			isa = PBXGroup;
			children = (
				3A401A342CB961E4003794E3 /* Common */,
				3A401A2B2CB95F25003794E3 /* AppDelegate.swift */,
				3A4019E32CB95E32003794E3 /* SceneDelegate.swift */,
				3A4019E22CB95E32003794E3 /* Info.plist */,
			);
			path = App;
			sourceTree = "<group>";
		};
		3A4019E52CB95E32003794E3 /* MainTabBar */ = {
			isa = PBXGroup;
			children = (
				3A401A2F2CB95F53003794E3 /* MainTabBarController.swift */,
			);
			path = MainTabBar;
			sourceTree = "<group>";
		};
		3A4019E62CB95E32003794E3 /* Favorite */ = {
			isa = PBXGroup;
			children = (
				3A4019F82CB95E77003794E3 /* FavoriteViewController.swift */,
				3A401A3C2CB963BB003794E3 /* Views */,
			);
			path = Favorite;
			sourceTree = "<group>";
		};
		3A4019E72CB95E32003794E3 /* Search */ = {
			isa = PBXGroup;
			children = (
				3A1B3B8F2CBBFD0D003006A9 /* SearchViewModel.swift */,
				3A4019EF2CB95E32003794E3 /* SearchViewController.swift */,
				3A401A3B2CB963B0003794E3 /* Views */,
			);
			path = Search;
			sourceTree = "<group>";
		};
		3A4019E82CB95E32003794E3 /* Features */ = {
			isa = PBXGroup;
			children = (
				3ADC91222CBC99EA005174C8 /* Common */,
				3A4019E52CB95E32003794E3 /* MainTabBar */,
				3A4019E72CB95E32003794E3 /* Search */,
				3A4019E62CB95E32003794E3 /* Favorite */,
			);
			path = Features;
			sourceTree = "<group>";
		};
		3A4019EC2CB95E32003794E3 /* Resources */ = {
			isa = PBXGroup;
			children = (
				3A4019E92CB95E32003794E3 /* Assets.xcassets */,
				3A4019EB2CB95E32003794E3 /* LaunchScreen.storyboard */,
			);
			path = Resources;
			sourceTree = "<group>";
		};
		3A4019F02CB95E32003794E3 /* ShopliveAssignment */ = {
			isa = PBXGroup;
			children = (
				3A4019E42CB95E32003794E3 /* App */,
				3A1B3B862CBBF47C003006A9 /* Model */,
				3A1B3B872CBBF48C003006A9 /* Network */,
				3A4019E82CB95E32003794E3 /* Features */,
				3A4019EC2CB95E32003794E3 /* Resources */,
			);
			path = ShopliveAssignment;
			sourceTree = "<group>";
		};
		3A401A342CB961E4003794E3 /* Common */ = {
			isa = PBXGroup;
			children = (
				3A401A372CB9620B003794E3 /* BaseViewController.swift */,
				3A401A352CB961F4003794E3 /* BaseView.swift */,
				3A1B3B942CBC0A1A003006A9 /* LoadingIndicator.swift */,
			);
			path = Common;
			sourceTree = "<group>";
		};
		3A401A3B2CB963B0003794E3 /* Views */ = {
			isa = PBXGroup;
			children = (
				3A401A392CB96381003794E3 /* SearchView.swift */,
			);
			path = Views;
			sourceTree = "<group>";
		};
		3A401A3C2CB963BB003794E3 /* Views */ = {
			isa = PBXGroup;
			children = (
				3A401A3D2CB963CD003794E3 /* FavoriteViews.swift */,
			);
			path = Views;
			sourceTree = "<group>";
		};
		3ADC91222CBC99EA005174C8 /* Common */ = {
			isa = PBXGroup;
			children = (
				3ADC91242CBC9A1C005174C8 /* CharacterGrid */,
			);
			path = Common;
			sourceTree = "<group>";
		};
		3ADC91242CBC9A1C005174C8 /* CharacterGrid */ = {
			isa = PBXGroup;
			children = (
				3ADC91252CBC9A4F005174C8 /* CharacterGridView.swift */,
				3ADC91272CBC9A82005174C8 /* CharacterCell.swift */,
			);
			path = CharacterGrid;
			sourceTree = "<group>";
		};
/* End PBXGroup section */

/* Begin PBXNativeTarget section */
		3A4019902CB942F2003794E3 /* ShopliveAssignment */ = {
			isa = PBXNativeTarget;
			buildConfigurationList = 3A4019BA2CB942F4003794E3 /* Build configuration list for PBXNativeTarget "ShopliveAssignment" */;
			buildPhases = (
				3A40198D2CB942F2003794E3 /* Sources */,
				3A40198E2CB942F2003794E3 /* Frameworks */,
				3A40198F2CB942F2003794E3 /* Resources */,
			);
			buildRules = (
			);
			dependencies = (
			);
			name = ShopliveAssignment;
			packageProductDependencies = (
				3A401A322CB961C6003794E3 /* SnapKit */,
				3A1B3B922CBC0147003006A9 /* Then */,
			);
			productName = ShopliveAssignment;
			productReference = 3A4019912CB942F2003794E3 /* ShopliveAssignment.app */;
			productType = "com.apple.product-type.application";
		};
		3A4019A62CB942F4003794E3 /* ShopliveAssignmentTests */ = {
			isa = PBXNativeTarget;
			buildConfigurationList = 3A4019BF2CB942F4003794E3 /* Build configuration list for PBXNativeTarget "ShopliveAssignmentTests" */;
			buildPhases = (
				3A4019A32CB942F4003794E3 /* Sources */,
				3A4019A42CB942F4003794E3 /* Frameworks */,
				3A4019A52CB942F4003794E3 /* Resources */,
			);
			buildRules = (
			);
			dependencies = (
				3A4019A92CB942F4003794E3 /* PBXTargetDependency */,
			);
			fileSystemSynchronizedGroups = (
				3A4019AA2CB942F4003794E3 /* ShopliveAssignmentTests */,
			);
			name = ShopliveAssignmentTests;
			packageProductDependencies = (
			);
			productName = ShopliveAssignmentTests;
			productReference = 3A4019A72CB942F4003794E3 /* ShopliveAssignmentTests.xctest */;
			productType = "com.apple.product-type.bundle.unit-test";
		};
		3A4019B02CB942F4003794E3 /* ShopliveAssignmentUITests */ = {
			isa = PBXNativeTarget;
			buildConfigurationList = 3A4019C22CB942F4003794E3 /* Build configuration list for PBXNativeTarget "ShopliveAssignmentUITests" */;
			buildPhases = (
				3A4019AD2CB942F4003794E3 /* Sources */,
				3A4019AE2CB942F4003794E3 /* Frameworks */,
				3A4019AF2CB942F4003794E3 /* Resources */,
			);
			buildRules = (
			);
			dependencies = (
				3A4019B32CB942F4003794E3 /* PBXTargetDependency */,
			);
			fileSystemSynchronizedGroups = (
				3A4019B42CB942F4003794E3 /* ShopliveAssignmentUITests */,
			);
			name = ShopliveAssignmentUITests;
			packageProductDependencies = (
			);
			productName = ShopliveAssignmentUITests;
			productReference = 3A4019B12CB942F4003794E3 /* ShopliveAssignmentUITests.xctest */;
			productType = "com.apple.product-type.bundle.ui-testing";
		};
/* End PBXNativeTarget section */

/* Begin PBXProject section */
		3A4019892CB942F2003794E3 /* Project object */ = {
			isa = PBXProject;
			attributes = {
				BuildIndependentTargetsInParallel = 1;
				LastSwiftUpdateCheck = 1600;
				LastUpgradeCheck = 1600;
				TargetAttributes = {
					3A4019902CB942F2003794E3 = {
						CreatedOnToolsVersion = 16.0;
					};
					3A4019A62CB942F4003794E3 = {
						CreatedOnToolsVersion = 16.0;
						TestTargetID = 3A4019902CB942F2003794E3;
					};
					3A4019B02CB942F4003794E3 = {
						CreatedOnToolsVersion = 16.0;
						TestTargetID = 3A4019902CB942F2003794E3;
					};
				};
			};
			buildConfigurationList = 3A40198C2CB942F2003794E3 /* Build configuration list for PBXProject "ShopliveAssignment" */;
			developmentRegion = en;
			hasScannedForEncodings = 0;
			knownRegions = (
				en,
				Base,
			);
			mainGroup = 3A4019882CB942F2003794E3;
			minimizedProjectReferenceProxies = 1;
			packageReferences = (
				3A401A312CB961C6003794E3 /* XCRemoteSwiftPackageReference "SnapKit" */,
				3A1B3B912CBC0147003006A9 /* XCRemoteSwiftPackageReference "Then" */,
			);
			preferredProjectObjectVersion = 77;
			productRefGroup = 3A4019922CB942F2003794E3 /* Products */;
			projectDirPath = "";
			projectRoot = "";
			targets = (
				3A4019902CB942F2003794E3 /* ShopliveAssignment */,
				3A4019A62CB942F4003794E3 /* ShopliveAssignmentTests */,
				3A4019B02CB942F4003794E3 /* ShopliveAssignmentUITests */,
			);
		};
/* End PBXProject section */

/* Begin PBXResourcesBuildPhase section */
		3A40198F2CB942F2003794E3 /* Resources */ = {
			isa = PBXResourcesBuildPhase;
			buildActionMask = 2147483647;
			files = (
				3A4019F52CB95E32003794E3 /* Assets.xcassets in Resources */,
				3A4019F62CB95E32003794E3 /* LaunchScreen.storyboard in Resources */,
			);
			runOnlyForDeploymentPostprocessing = 0;
		};
		3A4019A52CB942F4003794E3 /* Resources */ = {
			isa = PBXResourcesBuildPhase;
			buildActionMask = 2147483647;
			files = (
			);
			runOnlyForDeploymentPostprocessing = 0;
		};
		3A4019AF2CB942F4003794E3 /* Resources */ = {
			isa = PBXResourcesBuildPhase;
			buildActionMask = 2147483647;
			files = (
			);
			runOnlyForDeploymentPostprocessing = 0;
		};
/* End PBXResourcesBuildPhase section */

/* Begin PBXSourcesBuildPhase section */
		3A40198D2CB942F2003794E3 /* Sources */ = {
			isa = PBXSourcesBuildPhase;
			buildActionMask = 2147483647;
			files = (
				3A401A2C2CB95F25003794E3 /* AppDelegate.swift in Sources */,
				3A4019F22CB95E32003794E3 /* SceneDelegate.swift in Sources */,
				3A401A302CB95F53003794E3 /* MainTabBarController.swift in Sources */,
				3A1B3B8E2CBBFCA8003006A9 /* CharacterUseCase.swift in Sources */,
				3A1B3B8C2CBBFC6E003006A9 /* Character.swift in Sources */,
				3A1B3B902CBBFD0D003006A9 /* SearchViewModel.swift in Sources */,
				3A401A3E2CB963CD003794E3 /* FavoriteViews.swift in Sources */,
				3A1B3B8A2CBBF9D0003006A9 /* Client.swift in Sources */,
				3A401A362CB961F4003794E3 /* BaseView.swift in Sources */,
				3A401A3A2CB96381003794E3 /* SearchView.swift in Sources */,
				3A1B3B952CBC0A1A003006A9 /* LoadingIndicator.swift in Sources */,
				3ADC91282CBC9A82005174C8 /* CharacterCell.swift in Sources */,
				3ADC91262CBC9A4F005174C8 /* CharacterGridView.swift in Sources */,
				3A4019F92CB95E77003794E3 /* FavoriteViewController.swift in Sources */,
				3A401A382CB9620B003794E3 /* BaseViewController.swift in Sources */,
				3A4019F32CB95E32003794E3 /* SearchViewController.swift in Sources */,
			);
			runOnlyForDeploymentPostprocessing = 0;
		};
		3A4019A32CB942F4003794E3 /* Sources */ = {
			isa = PBXSourcesBuildPhase;
			buildActionMask = 2147483647;
			files = (
			);
			runOnlyForDeploymentPostprocessing = 0;
		};
		3A4019AD2CB942F4003794E3 /* Sources */ = {
			isa = PBXSourcesBuildPhase;
			buildActionMask = 2147483647;
			files = (
			);
			runOnlyForDeploymentPostprocessing = 0;
		};
/* End PBXSourcesBuildPhase section */

/* Begin PBXTargetDependency section */
		3A4019A92CB942F4003794E3 /* PBXTargetDependency */ = {
			isa = PBXTargetDependency;
			target = 3A4019902CB942F2003794E3 /* ShopliveAssignment */;
			targetProxy = 3A4019A82CB942F4003794E3 /* PBXContainerItemProxy */;
		};
		3A4019B32CB942F4003794E3 /* PBXTargetDependency */ = {
			isa = PBXTargetDependency;
			target = 3A4019902CB942F2003794E3 /* ShopliveAssignment */;
			targetProxy = 3A4019B22CB942F4003794E3 /* PBXContainerItemProxy */;
		};
/* End PBXTargetDependency section */

/* Begin PBXVariantGroup section */
		3A4019EB2CB95E32003794E3 /* LaunchScreen.storyboard */ = {
			isa = PBXVariantGroup;
			children = (
				3A4019EA2CB95E32003794E3 /* Base */,
			);
			name = LaunchScreen.storyboard;
			sourceTree = "<group>";
		};
/* End PBXVariantGroup section */

/* Begin XCBuildConfiguration section */
		3A4019BB2CB942F4003794E3 /* Debug */ = {
			isa = XCBuildConfiguration;
			buildSettings = {
				ASSETCATALOG_COMPILER_APPICON_NAME = AppIcon;
				ASSETCATALOG_COMPILER_GLOBAL_ACCENT_COLOR_NAME = AccentColor;
				CODE_SIGN_STYLE = Automatic;
				CURRENT_PROJECT_VERSION = 1;
				DEVELOPMENT_TEAM = FP8CB3BY93;
				ENABLE_DEBUG_DYLIB = NO;
				GENERATE_INFOPLIST_FILE = YES;
				INFOPLIST_FILE = ShopliveAssignment/App/Info.plist;
				INFOPLIST_KEY_UIApplicationSupportsIndirectInputEvents = YES;
				INFOPLIST_KEY_UILaunchStoryboardName = LaunchScreen;
				INFOPLIST_KEY_UISupportedInterfaceOrientations_iPad = "UIInterfaceOrientationPortrait UIInterfaceOrientationPortraitUpsideDown UIInterfaceOrientationLandscapeLeft UIInterfaceOrientationLandscapeRight";
				INFOPLIST_KEY_UISupportedInterfaceOrientations_iPhone = "UIInterfaceOrientationPortrait UIInterfaceOrientationLandscapeLeft UIInterfaceOrientationLandscapeRight";
				IPHONEOS_DEPLOYMENT_TARGET = 13.0;
				LD_RUNPATH_SEARCH_PATHS = (
					"$(inherited)",
					"@executable_path/Frameworks",
				);
				MARKETING_VERSION = 1.0.0;
				PRODUCT_BUNDLE_IDENTIFIER = com.velmash.ShopliveAssignment;
				PRODUCT_NAME = "$(TARGET_NAME)";
				SUPPORTED_PLATFORMS = "iphoneos iphonesimulator";
				SUPPORTS_MACCATALYST = NO;
				SUPPORTS_MAC_DESIGNED_FOR_IPHONE_IPAD = NO;
				SUPPORTS_XR_DESIGNED_FOR_IPHONE_IPAD = NO;
				SWIFT_EMIT_LOC_STRINGS = YES;
				SWIFT_VERSION = 5.0;
				TARGETED_DEVICE_FAMILY = 1;
			};
			name = Debug;
		};
		3A4019BC2CB942F4003794E3 /* Release */ = {
			isa = XCBuildConfiguration;
			buildSettings = {
				ASSETCATALOG_COMPILER_APPICON_NAME = AppIcon;
				ASSETCATALOG_COMPILER_GLOBAL_ACCENT_COLOR_NAME = AccentColor;
				CODE_SIGN_STYLE = Automatic;
				CURRENT_PROJECT_VERSION = 1;
				DEVELOPMENT_TEAM = FP8CB3BY93;
				ENABLE_DEBUG_DYLIB = NO;
				GENERATE_INFOPLIST_FILE = YES;
				INFOPLIST_FILE = ShopliveAssignment/App/Info.plist;
				INFOPLIST_KEY_UIApplicationSupportsIndirectInputEvents = YES;
				INFOPLIST_KEY_UILaunchStoryboardName = LaunchScreen;
				INFOPLIST_KEY_UISupportedInterfaceOrientations_iPad = "UIInterfaceOrientationPortrait UIInterfaceOrientationPortraitUpsideDown UIInterfaceOrientationLandscapeLeft UIInterfaceOrientationLandscapeRight";
				INFOPLIST_KEY_UISupportedInterfaceOrientations_iPhone = "UIInterfaceOrientationPortrait UIInterfaceOrientationLandscapeLeft UIInterfaceOrientationLandscapeRight";
				IPHONEOS_DEPLOYMENT_TARGET = 13.0;
				LD_RUNPATH_SEARCH_PATHS = (
					"$(inherited)",
					"@executable_path/Frameworks",
				);
				MARKETING_VERSION = 1.0.0;
				PRODUCT_BUNDLE_IDENTIFIER = com.velmash.ShopliveAssignment;
				PRODUCT_NAME = "$(TARGET_NAME)";
				SUPPORTED_PLATFORMS = "iphoneos iphonesimulator";
				SUPPORTS_MACCATALYST = NO;
				SUPPORTS_MAC_DESIGNED_FOR_IPHONE_IPAD = NO;
				SUPPORTS_XR_DESIGNED_FOR_IPHONE_IPAD = NO;
				SWIFT_EMIT_LOC_STRINGS = YES;
				SWIFT_VERSION = 5.0;
				TARGETED_DEVICE_FAMILY = 1;
			};
			name = Release;
		};
		3A4019BD2CB942F4003794E3 /* Debug */ = {
			isa = XCBuildConfiguration;
			buildSettings = {
				ALWAYS_SEARCH_USER_PATHS = NO;
				ASSETCATALOG_COMPILER_GENERATE_SWIFT_ASSET_SYMBOL_EXTENSIONS = YES;
				CLANG_ANALYZER_NONNULL = YES;
				CLANG_ANALYZER_NUMBER_OBJECT_CONVERSION = YES_AGGRESSIVE;
				CLANG_CXX_LANGUAGE_STANDARD = "gnu++20";
				CLANG_ENABLE_MODULES = YES;
				CLANG_ENABLE_OBJC_ARC = YES;
				CLANG_ENABLE_OBJC_WEAK = YES;
				CLANG_WARN_BLOCK_CAPTURE_AUTORELEASING = YES;
				CLANG_WARN_BOOL_CONVERSION = YES;
				CLANG_WARN_COMMA = YES;
				CLANG_WARN_CONSTANT_CONVERSION = YES;
				CLANG_WARN_DEPRECATED_OBJC_IMPLEMENTATIONS = YES;
				CLANG_WARN_DIRECT_OBJC_ISA_USAGE = YES_ERROR;
				CLANG_WARN_DOCUMENTATION_COMMENTS = YES;
				CLANG_WARN_EMPTY_BODY = YES;
				CLANG_WARN_ENUM_CONVERSION = YES;
				CLANG_WARN_INFINITE_RECURSION = YES;
				CLANG_WARN_INT_CONVERSION = YES;
				CLANG_WARN_NON_LITERAL_NULL_CONVERSION = YES;
				CLANG_WARN_OBJC_IMPLICIT_RETAIN_SELF = YES;
				CLANG_WARN_OBJC_LITERAL_CONVERSION = YES;
				CLANG_WARN_OBJC_ROOT_CLASS = YES_ERROR;
				CLANG_WARN_QUOTED_INCLUDE_IN_FRAMEWORK_HEADER = YES;
				CLANG_WARN_RANGE_LOOP_ANALYSIS = YES;
				CLANG_WARN_STRICT_PROTOTYPES = YES;
				CLANG_WARN_SUSPICIOUS_MOVE = YES;
				CLANG_WARN_UNGUARDED_AVAILABILITY = YES_AGGRESSIVE;
				CLANG_WARN_UNREACHABLE_CODE = YES;
				CLANG_WARN__DUPLICATE_METHOD_MATCH = YES;
				COPY_PHASE_STRIP = NO;
				DEBUG_INFORMATION_FORMAT = dwarf;
				ENABLE_STRICT_OBJC_MSGSEND = YES;
				ENABLE_TESTABILITY = YES;
				ENABLE_USER_SCRIPT_SANDBOXING = YES;
				GCC_C_LANGUAGE_STANDARD = gnu17;
				GCC_DYNAMIC_NO_PIC = NO;
				GCC_NO_COMMON_BLOCKS = YES;
				GCC_OPTIMIZATION_LEVEL = 0;
				GCC_PREPROCESSOR_DEFINITIONS = (
					"DEBUG=1",
					"$(inherited)",
				);
				GCC_WARN_64_TO_32_BIT_CONVERSION = YES;
				GCC_WARN_ABOUT_RETURN_TYPE = YES_ERROR;
				GCC_WARN_UNDECLARED_SELECTOR = YES;
				GCC_WARN_UNINITIALIZED_AUTOS = YES_AGGRESSIVE;
				GCC_WARN_UNUSED_FUNCTION = YES;
				GCC_WARN_UNUSED_VARIABLE = YES;
				IPHONEOS_DEPLOYMENT_TARGET = 18.0;
				LOCALIZATION_PREFERS_STRING_CATALOGS = YES;
				MTL_ENABLE_DEBUG_INFO = INCLUDE_SOURCE;
				MTL_FAST_MATH = YES;
				ONLY_ACTIVE_ARCH = YES;
				SDKROOT = iphoneos;
				SWIFT_ACTIVE_COMPILATION_CONDITIONS = "DEBUG $(inherited)";
				SWIFT_OPTIMIZATION_LEVEL = "-Onone";
			};
			name = Debug;
		};
		3A4019BE2CB942F4003794E3 /* Release */ = {
			isa = XCBuildConfiguration;
			buildSettings = {
				ALWAYS_SEARCH_USER_PATHS = NO;
				ASSETCATALOG_COMPILER_GENERATE_SWIFT_ASSET_SYMBOL_EXTENSIONS = YES;
				CLANG_ANALYZER_NONNULL = YES;
				CLANG_ANALYZER_NUMBER_OBJECT_CONVERSION = YES_AGGRESSIVE;
				CLANG_CXX_LANGUAGE_STANDARD = "gnu++20";
				CLANG_ENABLE_MODULES = YES;
				CLANG_ENABLE_OBJC_ARC = YES;
				CLANG_ENABLE_OBJC_WEAK = YES;
				CLANG_WARN_BLOCK_CAPTURE_AUTORELEASING = YES;
				CLANG_WARN_BOOL_CONVERSION = YES;
				CLANG_WARN_COMMA = YES;
				CLANG_WARN_CONSTANT_CONVERSION = YES;
				CLANG_WARN_DEPRECATED_OBJC_IMPLEMENTATIONS = YES;
				CLANG_WARN_DIRECT_OBJC_ISA_USAGE = YES_ERROR;
				CLANG_WARN_DOCUMENTATION_COMMENTS = YES;
				CLANG_WARN_EMPTY_BODY = YES;
				CLANG_WARN_ENUM_CONVERSION = YES;
				CLANG_WARN_INFINITE_RECURSION = YES;
				CLANG_WARN_INT_CONVERSION = YES;
				CLANG_WARN_NON_LITERAL_NULL_CONVERSION = YES;
				CLANG_WARN_OBJC_IMPLICIT_RETAIN_SELF = YES;
				CLANG_WARN_OBJC_LITERAL_CONVERSION = YES;
				CLANG_WARN_OBJC_ROOT_CLASS = YES_ERROR;
				CLANG_WARN_QUOTED_INCLUDE_IN_FRAMEWORK_HEADER = YES;
				CLANG_WARN_RANGE_LOOP_ANALYSIS = YES;
				CLANG_WARN_STRICT_PROTOTYPES = YES;
				CLANG_WARN_SUSPICIOUS_MOVE = YES;
				CLANG_WARN_UNGUARDED_AVAILABILITY = YES_AGGRESSIVE;
				CLANG_WARN_UNREACHABLE_CODE = YES;
				CLANG_WARN__DUPLICATE_METHOD_MATCH = YES;
				COPY_PHASE_STRIP = NO;
				DEBUG_INFORMATION_FORMAT = "dwarf-with-dsym";
				ENABLE_NS_ASSERTIONS = NO;
				ENABLE_STRICT_OBJC_MSGSEND = YES;
				ENABLE_USER_SCRIPT_SANDBOXING = YES;
				GCC_C_LANGUAGE_STANDARD = gnu17;
				GCC_NO_COMMON_BLOCKS = YES;
				GCC_WARN_64_TO_32_BIT_CONVERSION = YES;
				GCC_WARN_ABOUT_RETURN_TYPE = YES_ERROR;
				GCC_WARN_UNDECLARED_SELECTOR = YES;
				GCC_WARN_UNINITIALIZED_AUTOS = YES_AGGRESSIVE;
				GCC_WARN_UNUSED_FUNCTION = YES;
				GCC_WARN_UNUSED_VARIABLE = YES;
				IPHONEOS_DEPLOYMENT_TARGET = 18.0;
				LOCALIZATION_PREFERS_STRING_CATALOGS = YES;
				MTL_ENABLE_DEBUG_INFO = NO;
				MTL_FAST_MATH = YES;
				SDKROOT = iphoneos;
				SWIFT_COMPILATION_MODE = wholemodule;
				VALIDATE_PRODUCT = YES;
			};
			name = Release;
		};
		3A4019C02CB942F4003794E3 /* Debug */ = {
			isa = XCBuildConfiguration;
			buildSettings = {
				BUNDLE_LOADER = "$(TEST_HOST)";
				CODE_SIGN_STYLE = Automatic;
				CURRENT_PROJECT_VERSION = 1;
				DEVELOPMENT_TEAM = FP8CB3BY93;
				GENERATE_INFOPLIST_FILE = YES;
				IPHONEOS_DEPLOYMENT_TARGET = 18.0;
				MARKETING_VERSION = 1.0;
				PRODUCT_BUNDLE_IDENTIFIER = com.velmash.ShopliveAssignmentTests;
				PRODUCT_NAME = "$(TARGET_NAME)";
				SWIFT_EMIT_LOC_STRINGS = NO;
				SWIFT_VERSION = 5.0;
				TARGETED_DEVICE_FAMILY = "1,2";
				TEST_HOST = "$(BUILT_PRODUCTS_DIR)/ShopliveAssignment.app/$(BUNDLE_EXECUTABLE_FOLDER_PATH)/ShopliveAssignment";
			};
			name = Debug;
		};
		3A4019C12CB942F4003794E3 /* Release */ = {
			isa = XCBuildConfiguration;
			buildSettings = {
				BUNDLE_LOADER = "$(TEST_HOST)";
				CODE_SIGN_STYLE = Automatic;
				CURRENT_PROJECT_VERSION = 1;
				DEVELOPMENT_TEAM = FP8CB3BY93;
				GENERATE_INFOPLIST_FILE = YES;
				IPHONEOS_DEPLOYMENT_TARGET = 18.0;
				MARKETING_VERSION = 1.0;
				PRODUCT_BUNDLE_IDENTIFIER = com.velmash.ShopliveAssignmentTests;
				PRODUCT_NAME = "$(TARGET_NAME)";
				SWIFT_EMIT_LOC_STRINGS = NO;
				SWIFT_VERSION = 5.0;
				TARGETED_DEVICE_FAMILY = "1,2";
				TEST_HOST = "$(BUILT_PRODUCTS_DIR)/ShopliveAssignment.app/$(BUNDLE_EXECUTABLE_FOLDER_PATH)/ShopliveAssignment";
			};
			name = Release;
		};
		3A4019C32CB942F4003794E3 /* Debug */ = {
			isa = XCBuildConfiguration;
			buildSettings = {
				CODE_SIGN_STYLE = Automatic;
				CURRENT_PROJECT_VERSION = 1;
				DEVELOPMENT_TEAM = FP8CB3BY93;
				GENERATE_INFOPLIST_FILE = YES;
				MARKETING_VERSION = 1.0;
				PRODUCT_BUNDLE_IDENTIFIER = com.velmash.ShopliveAssignmentUITests;
				PRODUCT_NAME = "$(TARGET_NAME)";
				SWIFT_EMIT_LOC_STRINGS = NO;
				SWIFT_VERSION = 5.0;
				TARGETED_DEVICE_FAMILY = "1,2";
				TEST_TARGET_NAME = ShopliveAssignment;
			};
			name = Debug;
		};
		3A4019C42CB942F4003794E3 /* Release */ = {
			isa = XCBuildConfiguration;
			buildSettings = {
				CODE_SIGN_STYLE = Automatic;
				CURRENT_PROJECT_VERSION = 1;
				DEVELOPMENT_TEAM = FP8CB3BY93;
				GENERATE_INFOPLIST_FILE = YES;
				MARKETING_VERSION = 1.0;
				PRODUCT_BUNDLE_IDENTIFIER = com.velmash.ShopliveAssignmentUITests;
				PRODUCT_NAME = "$(TARGET_NAME)";
				SWIFT_EMIT_LOC_STRINGS = NO;
				SWIFT_VERSION = 5.0;
				TARGETED_DEVICE_FAMILY = "1,2";
				TEST_TARGET_NAME = ShopliveAssignment;
			};
			name = Release;
		};
/* End XCBuildConfiguration section */

/* Begin XCConfigurationList section */
		3A40198C2CB942F2003794E3 /* Build configuration list for PBXProject "ShopliveAssignment" */ = {
			isa = XCConfigurationList;
			buildConfigurations = (
				3A4019BD2CB942F4003794E3 /* Debug */,
				3A4019BE2CB942F4003794E3 /* Release */,
			);
			defaultConfigurationIsVisible = 0;
			defaultConfigurationName = Release;
		};
		3A4019BA2CB942F4003794E3 /* Build configuration list for PBXNativeTarget "ShopliveAssignment" */ = {
			isa = XCConfigurationList;
			buildConfigurations = (
				3A4019BB2CB942F4003794E3 /* Debug */,
				3A4019BC2CB942F4003794E3 /* Release */,
			);
			defaultConfigurationIsVisible = 0;
			defaultConfigurationName = Release;
		};
		3A4019BF2CB942F4003794E3 /* Build configuration list for PBXNativeTarget "ShopliveAssignmentTests" */ = {
			isa = XCConfigurationList;
			buildConfigurations = (
				3A4019C02CB942F4003794E3 /* Debug */,
				3A4019C12CB942F4003794E3 /* Release */,
			);
			defaultConfigurationIsVisible = 0;
			defaultConfigurationName = Release;
		};
		3A4019C22CB942F4003794E3 /* Build configuration list for PBXNativeTarget "ShopliveAssignmentUITests" */ = {
			isa = XCConfigurationList;
			buildConfigurations = (
				3A4019C32CB942F4003794E3 /* Debug */,
				3A4019C42CB942F4003794E3 /* Release */,
			);
			defaultConfigurationIsVisible = 0;
			defaultConfigurationName = Release;
		};
/* End XCConfigurationList section */

/* Begin XCRemoteSwiftPackageReference section */
		3A1B3B912CBC0147003006A9 /* XCRemoteSwiftPackageReference "Then" */ = {
			isa = XCRemoteSwiftPackageReference;
			repositoryURL = "https://github.com/devxoul/Then";
			requirement = {
				kind = upToNextMajorVersion;
				minimumVersion = 3.0.0;
			};
		};
		3A401A312CB961C6003794E3 /* XCRemoteSwiftPackageReference "SnapKit" */ = {
			isa = XCRemoteSwiftPackageReference;
			repositoryURL = "https://github.com/SnapKit/SnapKit";
			requirement = {
				kind = upToNextMajorVersion;
				minimumVersion = 5.7.1;
			};
		};
/* End XCRemoteSwiftPackageReference section */

/* Begin XCSwiftPackageProductDependency section */
		3A1B3B922CBC0147003006A9 /* Then */ = {
			isa = XCSwiftPackageProductDependency;
			package = 3A1B3B912CBC0147003006A9 /* XCRemoteSwiftPackageReference "Then" */;
			productName = Then;
		};
		3A401A322CB961C6003794E3 /* SnapKit */ = {
			isa = XCSwiftPackageProductDependency;
			package = 3A401A312CB961C6003794E3 /* XCRemoteSwiftPackageReference "SnapKit" */;
			productName = SnapKit;
		};
/* End XCSwiftPackageProductDependency section */
	};
	rootObject = 3A4019892CB942F2003794E3 /* Project object */;
}
