// !$*UTF8*$!
{
	archiveVersion = 1;
	classes = {
	};
	objectVersion = 77;
	objects = {

/* Begin PBXContainerItemProxy section */
		3A4019A82CB942F4003794E3 /* PBXContainerItemProxy */ = {
			isa = PBXContainerItemProxy;
			containerPortal = 3A4019892CB942F2003794E3 /* Project object */;
			proxyType = 1;
			remoteGlobalIDString = 3A4019902CB942F2003794E3;
			remoteInfo = ShopliveAssignment;
		};
		3A4019B22CB942F4003794E3 /* PBXContainerItemProxy */ = {
			isa = PBXContainerItemProxy;
			containerPortal = 3A4019892CB942F2003794E3 /* Project object */;
			proxyType = 1;
			remoteGlobalIDString = 3A4019902CB942F2003794E3;
			remoteInfo = ShopliveAssignment;
		};
/* End PBXContainerItemProxy section */

/* Begin PBXFileReference section */
		3A4019912CB942F2003794E3 /* ShopliveAssignment.app */ = {isa = PBXFileReference; explicitFileType = wrapper.application; includeInIndex = 0; path = ShopliveAssignment.app; sourceTree = BUILT_PRODUCTS_DIR; };
		3A4019A72CB942F4003794E3 /* ShopliveAssignmentTests.xctest */ = {isa = PBXFileReference; explicitFileType = wrapper.cfbundle; includeInIndex = 0; path = ShopliveAssignmentTests.xctest; sourceTree = BUILT_PRODUCTS_DIR; };
		3A4019B12CB942F4003794E3 /* ShopliveAssignmentUITests.xctest */ = {isa = PBXFileReference; explicitFileType = wrapper.cfbundle; includeInIndex = 0; path = ShopliveAssignmentUITests.xctest; sourceTree = BUILT_PRODUCTS_DIR; };
/* End PBXFileReference section */

/* Begin PBXFileSystemSynchronizedBuildFileExceptionSet section */
		3A4019B92CB942F4003794E3 /* Exceptions for "ShopliveAssignment" folder in "ShopliveAssignment" target */ = {
			isa = PBXFileSystemSynchronizedBuildFileExceptionSet;
			membershipExceptions = (
				Info.plist,
			);
			target = 3A4019902CB942F2003794E3 /* ShopliveAssignment */;
		};
/* End PBXFileSystemSynchronizedBuildFileExceptionSet section */

/* Begin PBXFileSystemSynchronizedRootGroup section */
		3A4019932CB942F2003794E3 /* ShopliveAssignment */ = {
			isa = PBXFileSystemSynchronizedRootGroup;
			exceptions = (
				3A4019B92CB942F4003794E3 /* Exceptions for "ShopliveAssignment" folder in "ShopliveAssignment" target */,
			);
			path = ShopliveAssignment;
			sourceTree = "<group>";
		};
		3A4019AA2CB942F4003794E3 /* ShopliveAssignmentTests */ = {
			isa = PBXFileSystemSynchronizedRootGroup;
			path = ShopliveAssignmentTests;
			sourceTree = "<group>";
		};
		3A4019B42CB942F4003794E3 /* ShopliveAssignmentUITests */ = {
			isa = PBXFileSystemSynchronizedRootGroup;
			path = ShopliveAssignmentUITests;
			sourceTree = "<group>";
		};
/* End PBXFileSystemSynchronizedRootGroup section */

/* Begin PBXFrameworksBuildPhase section */
		3A40198E2CB942F2003794E3 /* Frameworks */ = {
			isa = PBXFrameworksBuildPhase;
			buildActionMask = 2147483647;
			files = (
			);
			runOnlyForDeploymentPostprocessing = 0;
		};
		3A4019A42CB942F4003794E3 /* Frameworks */ = {
			isa = PBXFrameworksBuildPhase;
			buildActionMask = 2147483647;
			files = (
			);
			runOnlyForDeploymentPostprocessing = 0;
		};
		3A4019AE2CB942F4003794E3 /* Frameworks */ = {
			isa = PBXFrameworksBuildPhase;
			buildActionMask = 2147483647;
			files = (
			);
			runOnlyForDeploymentPostprocessing = 0;
		};
/* End PBXFrameworksBuildPhase section */

/* Begin PBXGroup section */
		3A4019882CB942F2003794E3 = {
			isa = PBXGroup;
			children = (
				3A4019932CB942F2003794E3 /* ShopliveAssignment */,
				3A4019AA2CB942F4003794E3 /* ShopliveAssignmentTests */,
				3A4019B42CB942F4003794E3 /* ShopliveAssignmentUITests */,
				3A4019922CB942F2003794E3 /* Products */,
			);
			sourceTree = "<group>";
		};
		3A4019922CB942F2003794E3 /* Products */ = {
			isa = PBXGroup;
			children = (
				3A4019912CB942F2003794E3 /* ShopliveAssignment.app */,
				3A4019A72CB942F4003794E3 /* ShopliveAssignmentTests.xctest */,
				3A4019B12CB942F4003794E3 /* ShopliveAssignmentUITests.xctest */,
			);
			name = Products;
			sourceTree = "<group>";
		};
/* End PBXGroup section */

/* Begin PBXNativeTarget section */
		3A4019902CB942F2003794E3 /* ShopliveAssignment */ = {
			isa = PBXNativeTarget;
			buildConfigurationList = 3A4019BA2CB942F4003794E3 /* Build configuration list for PBXNativeTarget "ShopliveAssignment" */;
			buildPhases = (
				3A40198D2CB942F2003794E3 /* Sources */,
				3A40198E2CB942F2003794E3 /* Frameworks */,
				3A40198F2CB942F2003794E3 /* Resources */,
			);
			buildRules = (
			);
			dependencies = (
			);
			fileSystemSynchronizedGroups = (
				3A4019932CB942F2003794E3 /* ShopliveAssignment */,
			);
			name = ShopliveAssignment;
			packageProductDependencies = (
			);
			productName = ShopliveAssignment;
			productReference = 3A4019912CB942F2003794E3 /* ShopliveAssignment.app */;
			productType = "com.apple.product-type.application";
		};
		3A4019A62CB942F4003794E3 /* ShopliveAssignmentTests */ = {
			isa = PBXNativeTarget;
			buildConfigurationList = 3A4019BF2CB942F4003794E3 /* Build configuration list for PBXNativeTarget "ShopliveAssignmentTests" */;
			buildPhases = (
				3A4019A32CB942F4003794E3 /* Sources */,
				3A4019A42CB942F4003794E3 /* Frameworks */,
				3A4019A52CB942F4003794E3 /* Resources */,
			);
			buildRules = (
			);
			dependencies = (
				3A4019A92CB942F4003794E3 /* PBXTargetDependency */,
			);
			fileSystemSynchronizedGroups = (
				3A4019AA2CB942F4003794E3 /* ShopliveAssignmentTests */,
			);
			name = ShopliveAssignmentTests;
			packageProductDependencies = (
			);
			productName = ShopliveAssignmentTests;
			productReference = 3A4019A72CB942F4003794E3 /* ShopliveAssignmentTests.xctest */;
			productType = "com.apple.product-type.bundle.unit-test";
		};
		3A4019B02CB942F4003794E3 /* ShopliveAssignmentUITests */ = {
			isa = PBXNativeTarget;
			buildConfigurationList = 3A4019C22CB942F4003794E3 /* Build configuration list for PBXNativeTarget "ShopliveAssignmentUITests" */;
			buildPhases = (
				3A4019AD2CB942F4003794E3 /* Sources */,
				3A4019AE2CB942F4003794E3 /* Frameworks */,
				3A4019AF2CB942F4003794E3 /* Resources */,
			);
			buildRules = (
			);
			dependencies = (
				3A4019B32CB942F4003794E3 /* PBXTargetDependency */,
			);
			fileSystemSynchronizedGroups = (
				3A4019B42CB942F4003794E3 /* ShopliveAssignmentUITests */,
			);
			name = ShopliveAssignmentUITests;
			packageProductDependencies = (
			);
			productName = ShopliveAssignmentUITests;
			productReference = 3A4019B12CB942F4003794E3 /* ShopliveAssignmentUITests.xctest */;
			productType = "com.apple.product-type.bundle.ui-testing";
		};
/* End PBXNativeTarget section */

/* Begin PBXProject section */
		3A4019892CB942F2003794E3 /* Project object */ = {
			isa = PBXProject;
			attributes = {
				BuildIndependentTargetsInParallel = 1;
				LastSwiftUpdateCheck = 1600;
				LastUpgradeCheck = 1600;
				TargetAttributes = {
					3A4019902CB942F2003794E3 = {
						CreatedOnToolsVersion = 16.0;
					};
					3A4019A62CB942F4003794E3 = {
						CreatedOnToolsVersion = 16.0;
						TestTargetID = 3A4019902CB942F2003794E3;
					};
					3A4019B02CB942F4003794E3 = {
						CreatedOnToolsVersion = 16.0;
						TestTargetID = 3A4019902CB942F2003794E3;
					};
				};
			};
			buildConfigurationList = 3A40198C2CB942F2003794E3 /* Build configuration list for PBXProject "ShopliveAssignment" */;
			developmentRegion = en;
			hasScannedForEncodings = 0;
			knownRegions = (
				en,
				Base,
			);
			mainGroup = 3A4019882CB942F2003794E3;
			minimizedProjectReferenceProxies = 1;
			preferredProjectObjectVersion = 77;
			productRefGroup = 3A4019922CB942F2003794E3 /* Products */;
			projectDirPath = "";
			projectRoot = "";
			targets = (
				3A4019902CB942F2003794E3 /* ShopliveAssignment */,
				3A4019A62CB942F4003794E3 /* ShopliveAssignmentTests */,
				3A4019B02CB942F4003794E3 /* ShopliveAssignmentUITests */,
			);
		};
/* End PBXProject section */

/* Begin PBXResourcesBuildPhase section */
		3A40198F2CB942F2003794E3 /* Resources */ = {
			isa = PBXResourcesBuildPhase;
			buildActionMask = 2147483647;
			files = (
			);
			runOnlyForDeploymentPostprocessing = 0;
		};
		3A4019A52CB942F4003794E3 /* Resources */ = {
			isa = PBXResourcesBuildPhase;
			buildActionMask = 2147483647;
			files = (
			);
			runOnlyForDeploymentPostprocessing = 0;
		};
		3A4019AF2CB942F4003794E3 /* Resources */ = {
			isa = PBXResourcesBuildPhase;
			buildActionMask = 2147483647;
			files = (
			);
			runOnlyForDeploymentPostprocessing = 0;
		};
/* End PBXResourcesBuildPhase section */

/* Begin PBXSourcesBuildPhase section */
		3A40198D2CB942F2003794E3 /* Sources */ = {
			isa = PBXSourcesBuildPhase;
			buildActionMask = 2147483647;
			files = (
			);
			runOnlyForDeploymentPostprocessing = 0;
		};
		3A4019A32CB942F4003794E3 /* Sources */ = {
			isa = PBXSourcesBuildPhase;
			buildActionMask = 2147483647;
			files = (
			);
			runOnlyForDeploymentPostprocessing = 0;
		};
		3A4019AD2CB942F4003794E3 /* Sources */ = {
			isa = PBXSourcesBuildPhase;
			buildActionMask = 2147483647;
			files = (
			);
			runOnlyForDeploymentPostprocessing = 0;
		};
/* End PBXSourcesBuildPhase section */

/* Begin PBXTargetDependency section */
		3A4019A92CB942F4003794E3 /* PBXTargetDependency */ = {
			isa = PBXTargetDependency;
			target = 3A4019902CB942F2003794E3 /* ShopliveAssignment */;
			targetProxy = 3A4019A82CB942F4003794E3 /* PBXContainerItemProxy */;
		};
		3A4019B32CB942F4003794E3 /* PBXTargetDependency */ = {
			isa = PBXTargetDependency;
			target = 3A4019902CB942F2003794E3 /* ShopliveAssignment */;
			targetProxy = 3A4019B22CB942F4003794E3 /* PBXContainerItemProxy */;
		};
/* End PBXTargetDependency section */

/* Begin XCBuildConfiguration section */
		3A4019BB2CB942F4003794E3 /* Debug */ = {
			isa = XCBuildConfiguration;
			buildSettings = {
				ASSETCATALOG_COMPILER_APPICON_NAME = AppIcon;
				ASSETCATALOG_COMPILER_GLOBAL_ACCENT_COLOR_NAME = AccentColor;
				CODE_SIGN_STYLE = Automatic;
				CURRENT_PROJECT_VERSION = 1;
				DEVELOPMENT_TEAM = FP8CB3BY93;
				GENERATE_INFOPLIST_FILE = YES;
				INFOPLIST_FILE = ShopliveAssignment/Info.plist;
				INFOPLIST_KEY_UIApplicationSupportsIndirectInputEvents = YES;
				INFOPLIST_KEY_UILaunchStoryboardName = LaunchScreen;
				INFOPLIST_KEY_UIMainStoryboardFile = Main;
				INFOPLIST_KEY_UISupportedInterfaceOrientations_iPad = "UIInterfaceOrientationPortrait UIInterfaceOrientationPortraitUpsideDown UIInterfaceOrientationLandscapeLeft UIInterfaceOrientationLandscapeRight";
				INFOPLIST_KEY_UISupportedInterfaceOrientations_iPhone = "UIInterfaceOrientationPortrait UIInterfaceOrientationLandscapeLeft UIInterfaceOrientationLandscapeRight";
				LD_RUNPATH_SEARCH_PATHS = (
					"$(inherited)",
					"@executable_path/Frameworks",
				);
				MARKETING_VERSION = 1.0;
				PRODUCT_BUNDLE_IDENTIFIER = com.velmash.ShopliveAssignment;
				PRODUCT_NAME = "$(TARGET_NAME)";
				SWIFT_EMIT_LOC_STRINGS = YES;
				SWIFT_VERSION = 5.0;
				TARGETED_DEVICE_FAMILY = "1,2";
			};
			name = Debug;
		};
		3A4019BC2CB942F4003794E3 /* Release */ = {
			isa = XCBuildConfiguration;
			buildSettings = {
				ASSETCATALOG_COMPILER_APPICON_NAME = AppIcon;
				ASSETCATALOG_COMPILER_GLOBAL_ACCENT_COLOR_NAME = AccentColor;
				CODE_SIGN_STYLE = Automatic;
				CURRENT_PROJECT_VERSION = 1;
				DEVELOPMENT_TEAM = FP8CB3BY93;
				GENERATE_INFOPLIST_FILE = YES;
				INFOPLIST_FILE = ShopliveAssignment/Info.plist;
				INFOPLIST_KEY_UIApplicationSupportsIndirectInputEvents = YES;
				INFOPLIST_KEY_UILaunchStoryboardName = LaunchScreen;
				INFOPLIST_KEY_UIMainStoryboardFile = Main;
				INFOPLIST_KEY_UISupportedInterfaceOrientations_iPad = "UIInterfaceOrientationPortrait UIInterfaceOrientationPortraitUpsideDown UIInterfaceOrientationLandscapeLeft UIInterfaceOrientationLandscapeRight";
				INFOPLIST_KEY_UISupportedInterfaceOrientations_iPhone = "UIInterfaceOrientationPortrait UIInterfaceOrientationLandscapeLeft UIInterfaceOrientationLandscapeRight";
				LD_RUNPATH_SEARCH_PATHS = (
					"$(inherited)",
					"@executable_path/Frameworks",
				);
				MARKETING_VERSION = 1.0;
				PRODUCT_BUNDLE_IDENTIFIER = com.velmash.ShopliveAssignment;
				PRODUCT_NAME = "$(TARGET_NAME)";
				SWIFT_EMIT_LOC_STRINGS = YES;
				SWIFT_VERSION = 5.0;
				TARGETED_DEVICE_FAMILY = "1,2";
			};
			name = Release;
		};
		3A4019BD2CB942F4003794E3 /* Debug */ = {
			isa = XCBuildConfiguration;
			buildSettings = {
				ALWAYS_SEARCH_USER_PATHS = NO;
				ASSETCATALOG_COMPILER_GENERATE_SWIFT_ASSET_SYMBOL_EXTENSIONS = YES;
				CLANG_ANALYZER_NONNULL = YES;
				CLANG_ANALYZER_NUMBER_OBJECT_CONVERSION = YES_AGGRESSIVE;
				CLANG_CXX_LANGUAGE_STANDARD = "gnu++20";
				CLANG_ENABLE_MODULES = YES;
				CLANG_ENABLE_OBJC_ARC = YES;
				CLANG_ENABLE_OBJC_WEAK = YES;
				CLANG_WARN_BLOCK_CAPTURE_AUTORELEASING = YES;
				CLANG_WARN_BOOL_CONVERSION = YES;
				CLANG_WARN_COMMA = YES;
				CLANG_WARN_CONSTANT_CONVERSION = YES;
				CLANG_WARN_DEPRECATED_OBJC_IMPLEMENTATIONS = YES;
				CLANG_WARN_DIRECT_OBJC_ISA_USAGE = YES_ERROR;
				CLANG_WARN_DOCUMENTATION_COMMENTS = YES;
				CLANG_WARN_EMPTY_BODY = YES;
				CLANG_WARN_ENUM_CONVERSION = YES;
				CLANG_WARN_INFINITE_RECURSION = YES;
				CLANG_WARN_INT_CONVERSION = YES;
				CLANG_WARN_NON_LITERAL_NULL_CONVERSION = YES;
				CLANG_WARN_OBJC_IMPLICIT_RETAIN_SELF = YES;
				CLANG_WARN_OBJC_LITERAL_CONVERSION = YES;
				CLANG_WARN_OBJC_ROOT_CLASS = YES_ERROR;
				CLANG_WARN_QUOTED_INCLUDE_IN_FRAMEWORK_HEADER = YES;
				CLANG_WARN_RANGE_LOOP_ANALYSIS = YES;
				CLANG_WARN_STRICT_PROTOTYPES = YES;
				CLANG_WARN_SUSPICIOUS_MOVE = YES;
				CLANG_WARN_UNGUARDED_AVAILABILITY = YES_AGGRESSIVE;
				CLANG_WARN_UNREACHABLE_CODE = YES;
				CLANG_WARN__DUPLICATE_METHOD_MATCH = YES;
				COPY_PHASE_STRIP = NO;
				DEBUG_INFORMATION_FORMAT = dwarf;
				ENABLE_STRICT_OBJC_MSGSEND = YES;
				ENABLE_TESTABILITY = YES;
				ENABLE_USER_SCRIPT_SANDBOXING = YES;
				GCC_C_LANGUAGE_STANDARD = gnu17;
				GCC_DYNAMIC_NO_PIC = NO;
				GCC_NO_COMMON_BLOCKS = YES;
				GCC_OPTIMIZATION_LEVEL = 0;
				GCC_PREPROCESSOR_DEFINITIONS = (
					"DEBUG=1",
					"$(inherited)",
				);
				GCC_WARN_64_TO_32_BIT_CONVERSION = YES;
				GCC_WARN_ABOUT_RETURN_TYPE = YES_ERROR;
				GCC_WARN_UNDECLARED_SELECTOR = YES;
				GCC_WARN_UNINITIALIZED_AUTOS = YES_AGGRESSIVE;
				GCC_WARN_UNUSED_FUNCTION = YES;
				GCC_WARN_UNUSED_VARIABLE = YES;
				IPHONEOS_DEPLOYMENT_TARGET = 18.0;
				LOCALIZATION_PREFERS_STRING_CATALOGS = YES;
				MTL_ENABLE_DEBUG_INFO = INCLUDE_SOURCE;
				MTL_FAST_MATH = YES;
				ONLY_ACTIVE_ARCH = YES;
				SDKROOT = iphoneos;
				SWIFT_ACTIVE_COMPILATION_CONDITIONS = "DEBUG $(inherited)";
				SWIFT_OPTIMIZATION_LEVEL = "-Onone";
			};
			name = Debug;
		};
		3A4019BE2CB942F4003794E3 /* Release */ = {
			isa = XCBuildConfiguration;
			buildSettings = {
				ALWAYS_SEARCH_USER_PATHS = NO;
				ASSETCATALOG_COMPILER_GENERATE_SWIFT_ASSET_SYMBOL_EXTENSIONS = YES;
				CLANG_ANALYZER_NONNULL = YES;
				CLANG_ANALYZER_NUMBER_OBJECT_CONVERSION = YES_AGGRESSIVE;
				CLANG_CXX_LANGUAGE_STANDARD = "gnu++20";
				CLANG_ENABLE_MODULES = YES;
				CLANG_ENABLE_OBJC_ARC = YES;
				CLANG_ENABLE_OBJC_WEAK = YES;
				CLANG_WARN_BLOCK_CAPTURE_AUTORELEASING = YES;
				CLANG_WARN_BOOL_CONVERSION = YES;
				CLANG_WARN_COMMA = YES;
				CLANG_WARN_CONSTANT_CONVERSION = YES;
				CLANG_WARN_DEPRECATED_OBJC_IMPLEMENTATIONS = YES;
				CLANG_WARN_DIRECT_OBJC_ISA_USAGE = YES_ERROR;
				CLANG_WARN_DOCUMENTATION_COMMENTS = YES;
				CLANG_WARN_EMPTY_BODY = YES;
				CLANG_WARN_ENUM_CONVERSION = YES;
				CLANG_WARN_INFINITE_RECURSION = YES;
				CLANG_WARN_INT_CONVERSION = YES;
				CLANG_WARN_NON_LITERAL_NULL_CONVERSION = YES;
				CLANG_WARN_OBJC_IMPLICIT_RETAIN_SELF = YES;
				CLANG_WARN_OBJC_LITERAL_CONVERSION = YES;
				CLANG_WARN_OBJC_ROOT_CLASS = YES_ERROR;
				CLANG_WARN_QUOTED_INCLUDE_IN_FRAMEWORK_HEADER = YES;
				CLANG_WARN_RANGE_LOOP_ANALYSIS = YES;
				CLANG_WARN_STRICT_PROTOTYPES = YES;
				CLANG_WARN_SUSPICIOUS_MOVE = YES;
				CLANG_WARN_UNGUARDED_AVAILABILITY = YES_AGGRESSIVE;
				CLANG_WARN_UNREACHABLE_CODE = YES;
				CLANG_WARN__DUPLICATE_METHOD_MATCH = YES;
				COPY_PHASE_STRIP = NO;
				DEBUG_INFORMATION_FORMAT = "dwarf-with-dsym";
				ENABLE_NS_ASSERTIONS = NO;
				ENABLE_STRICT_OBJC_MSGSEND = YES;
				ENABLE_USER_SCRIPT_SANDBOXING = YES;
				GCC_C_LANGUAGE_STANDARD = gnu17;
				GCC_NO_COMMON_BLOCKS = YES;
				GCC_WARN_64_TO_32_BIT_CONVERSION = YES;
				GCC_WARN_ABOUT_RETURN_TYPE = YES_ERROR;
				GCC_WARN_UNDECLARED_SELECTOR = YES;
				GCC_WARN_UNINITIALIZED_AUTOS = YES_AGGRESSIVE;
				GCC_WARN_UNUSED_FUNCTION = YES;
				GCC_WARN_UNUSED_VARIABLE = YES;
				IPHONEOS_DEPLOYMENT_TARGET = 18.0;
				LOCALIZATION_PREFERS_STRING_CATALOGS = YES;
				MTL_ENABLE_DEBUG_INFO = NO;
				MTL_FAST_MATH = YES;
				SDKROOT = iphoneos;
				SWIFT_COMPILATION_MODE = wholemodule;
				VALIDATE_PRODUCT = YES;
			};
			name = Release;
		};
		3A4019C02CB942F4003794E3 /* Debug */ = {
			isa = XCBuildConfiguration;
			buildSettings = {
				BUNDLE_LOADER = "$(TEST_HOST)";
				CODE_SIGN_STYLE = Automatic;
				CURRENT_PROJECT_VERSION = 1;
				DEVELOPMENT_TEAM = FP8CB3BY93;
				GENERATE_INFOPLIST_FILE = YES;
				IPHONEOS_DEPLOYMENT_TARGET = 18.0;
				MARKETING_VERSION = 1.0;
				PRODUCT_BUNDLE_IDENTIFIER = com.velmash.ShopliveAssignmentTests;
				PRODUCT_NAME = "$(TARGET_NAME)";
				SWIFT_EMIT_LOC_STRINGS = NO;
				SWIFT_VERSION = 5.0;
				TARGETED_DEVICE_FAMILY = "1,2";
				TEST_HOST = "$(BUILT_PRODUCTS_DIR)/ShopliveAssignment.app/$(BUNDLE_EXECUTABLE_FOLDER_PATH)/ShopliveAssignment";
			};
			name = Debug;
		};
		3A4019C12CB942F4003794E3 /* Release */ = {
			isa = XCBuildConfiguration;
			buildSettings = {
				BUNDLE_LOADER = "$(TEST_HOST)";
				CODE_SIGN_STYLE = Automatic;
				CURRENT_PROJECT_VERSION = 1;
				DEVELOPMENT_TEAM = FP8CB3BY93;
				GENERATE_INFOPLIST_FILE = YES;
				IPHONEOS_DEPLOYMENT_TARGET = 18.0;
				MARKETING_VERSION = 1.0;
				PRODUCT_BUNDLE_IDENTIFIER = com.velmash.ShopliveAssignmentTests;
				PRODUCT_NAME = "$(TARGET_NAME)";
				SWIFT_EMIT_LOC_STRINGS = NO;
				SWIFT_VERSION = 5.0;
				TARGETED_DEVICE_FAMILY = "1,2";
				TEST_HOST = "$(BUILT_PRODUCTS_DIR)/ShopliveAssignment.app/$(BUNDLE_EXECUTABLE_FOLDER_PATH)/ShopliveAssignment";
			};
			name = Release;
		};
		3A4019C32CB942F4003794E3 /* Debug */ = {
			isa = XCBuildConfiguration;
			buildSettings = {
				CODE_SIGN_STYLE = Automatic;
				CURRENT_PROJECT_VERSION = 1;
				DEVELOPMENT_TEAM = FP8CB3BY93;
				GENERATE_INFOPLIST_FILE = YES;
				MARKETING_VERSION = 1.0;
				PRODUCT_BUNDLE_IDENTIFIER = com.velmash.ShopliveAssignmentUITests;
				PRODUCT_NAME = "$(TARGET_NAME)";
				SWIFT_EMIT_LOC_STRINGS = NO;
				SWIFT_VERSION = 5.0;
				TARGETED_DEVICE_FAMILY = "1,2";
				TEST_TARGET_NAME = ShopliveAssignment;
			};
			name = Debug;
		};
		3A4019C42CB942F4003794E3 /* Release */ = {
			isa = XCBuildConfiguration;
			buildSettings = {
				CODE_SIGN_STYLE = Automatic;
				CURRENT_PROJECT_VERSION = 1;
				DEVELOPMENT_TEAM = FP8CB3BY93;
				GENERATE_INFOPLIST_FILE = YES;
				MARKETING_VERSION = 1.0;
				PRODUCT_BUNDLE_IDENTIFIER = com.velmash.ShopliveAssignmentUITests;
				PRODUCT_NAME = "$(TARGET_NAME)";
				SWIFT_EMIT_LOC_STRINGS = NO;
				SWIFT_VERSION = 5.0;
				TARGETED_DEVICE_FAMILY = "1,2";
				TEST_TARGET_NAME = ShopliveAssignment;
			};
			name = Release;
		};
/* End XCBuildConfiguration section */

/* Begin XCConfigurationList section */
		3A40198C2CB942F2003794E3 /* Build configuration list for PBXProject "ShopliveAssignment" */ = {
			isa = XCConfigurationList;
			buildConfigurations = (
				3A4019BD2CB942F4003794E3 /* Debug */,
				3A4019BE2CB942F4003794E3 /* Release */,
			);
			defaultConfigurationIsVisible = 0;
			defaultConfigurationName = Release;
		};
		3A4019BA2CB942F4003794E3 /* Build configuration list for PBXNativeTarget "ShopliveAssignment" */ = {
			isa = XCConfigurationList;
			buildConfigurations = (
				3A4019BB2CB942F4003794E3 /* Debug */,
				3A4019BC2CB942F4003794E3 /* Release */,
			);
			defaultConfigurationIsVisible = 0;
			defaultConfigurationName = Release;
		};
		3A4019BF2CB942F4003794E3 /* Build configuration list for PBXNativeTarget "ShopliveAssignmentTests" */ = {
			isa = XCConfigurationList;
			buildConfigurations = (
				3A4019C02CB942F4003794E3 /* Debug */,
				3A4019C12CB942F4003794E3 /* Release */,
			);
			defaultConfigurationIsVisible = 0;
			defaultConfigurationName = Release;
		};
		3A4019C22CB942F4003794E3 /* Build configuration list for PBXNativeTarget "ShopliveAssignmentUITests" */ = {
			isa = XCConfigurationList;
			buildConfigurations = (
				3A4019C32CB942F4003794E3 /* Debug */,
				3A4019C42CB942F4003794E3 /* Release */,
			);
			defaultConfigurationIsVisible = 0;
			defaultConfigurationName = Release;
		};
/* End XCConfigurationList section */
	};
	rootObject = 3A4019892CB942F2003794E3 /* Project object */;
}
